# THIS IS AN AUTOGENERATED FILE. DO NOT EDIT THIS FILE DIRECTLY.
# yarn lockfile v1


konva@^9.3.6:
  version "9.3.6"
  resolved "https://registry.yarnpkg.com/konva/-/konva-9.3.6.tgz#62b36292dbe06c56eb161d5ead221c2b5c5a8926"
  integrity sha512-dqR8EbcM0hjuilZCBP6xauQ5V3kH3m9kBcsDkqPypQuRgsXbcXUrxqYxhNbdvKZpYNW8Amq94jAD/C0NY3qfBQ==
